{
  "name": "neo4j-serverless-functions",
  "version": "0.0.1",
  "lockfileVersion": 1,
  "requires": true,
  "dependencies": {
    "@babel/runtime": {
      "version": "7.9.6",
      "resolved": "https://neo.jfrog.io/neo/api/npm/npm/@babel/runtime/-/runtime-7.9.6.tgz",
      "integrity": "sha1-qRAutcre3z8x0IqezylK94J+op8=",
      "requires": {
        "regenerator-runtime": "^0.13.4"
      }
    },
    "@google-cloud/functions-framework": {
      "version": "1.5.1",
      "resolved": "https://neo.jfrog.io/neo/api/npm/npm/@google-cloud/functions-framework/-/functions-framework-1.5.1.tgz",
      "integrity": "sha1-2LD9SgSB3LVkpas1+sCLamm1GLE=",
      "requires": {
        "body-parser": "^1.18.3",
        "express": "^4.16.4",
        "minimist": "^1.2.0",
        "on-finished": "^2.3.0"
      },
      "dependencies": {
        "accepts": {
          "version": "1.3.7",
          "resolved": "https://neo.jfrog.io/neo/api/npm/npm/accepts/-/accepts-1.3.7.tgz",
          "integrity": "sha1-UxvHJlF6OytB+FACHGzBXqq1B80=",
          "requires": {
            "mime-types": "~2.1.24",
            "negotiator": "0.6.2"
          }
        },
        "body-parser": {
          "version": "1.19.0",
          "resolved": "https://neo.jfrog.io/neo/api/npm/npm/body-parser/-/body-parser-1.19.0.tgz",
          "integrity": "sha1-lrJwnlfJxOCab9Zqj9l5hE9p8Io=",
          "requires": {
            "bytes": "3.1.0",
            "content-type": "~1.0.4",
            "debug": "2.6.9",
            "depd": "~1.1.2",
            "http-errors": "1.7.2",
            "iconv-lite": "0.4.24",
            "on-finished": "~2.3.0",
            "qs": "6.7.0",
            "raw-body": "2.4.0",
            "type-is": "~1.6.17"
          }
        },
        "bytes": {
          "version": "3.1.0",
          "resolved": "https://neo.jfrog.io/neo/api/npm/npm/bytes/-/bytes-3.1.0.tgz",
          "integrity": "sha1-9s95M6Ng4FiPqf3oVlHNx/gF0fY="
        },
        "content-disposition": {
          "version": "0.5.3",
          "resolved": "https://neo.jfrog.io/neo/api/npm/npm/content-disposition/-/content-disposition-0.5.3.tgz",
          "integrity": "sha1-4TDK9+cnkIfFYWwgB9BIVpiYT70=",
          "requires": {
            "safe-buffer": "5.1.2"
          }
        },
        "cookie": {
          "version": "0.4.0",
          "resolved": "https://neo.jfrog.io/neo/api/npm/npm/cookie/-/cookie-0.4.0.tgz",
          "integrity": "sha1-vrQ35wIrO21JAZ0IhmUwPr6cFLo="
        },
        "debug": {
          "version": "2.6.9",
          "resolved": "https://neo.jfrog.io/neo/api/npm/npm/debug/-/debug-2.6.9.tgz",
          "integrity": "sha1-XRKFFd8TT/Mn6QpMk/Tgd6U2NB8=",
          "requires": {
            "ms": "2.0.0"
          }
        },
        "express": {
          "version": "4.17.1",
          "resolved": "https://neo.jfrog.io/neo/api/npm/npm/express/-/express-4.17.1.tgz",
          "integrity": "sha1-RJH8OGBc9R+GKdOcK10Cb5ikwTQ=",
          "requires": {
            "accepts": "~1.3.7",
            "array-flatten": "1.1.1",
            "body-parser": "1.19.0",
            "content-disposition": "0.5.3",
            "content-type": "~1.0.4",
            "cookie": "0.4.0",
            "cookie-signature": "1.0.6",
            "debug": "2.6.9",
            "depd": "~1.1.2",
            "encodeurl": "~1.0.2",
            "escape-html": "~1.0.3",
            "etag": "~1.8.1",
            "finalhandler": "~1.1.2",
            "fresh": "0.5.2",
            "merge-descriptors": "1.0.1",
            "methods": "~1.1.2",
            "on-finished": "~2.3.0",
            "parseurl": "~1.3.3",
            "path-to-regexp": "0.1.7",
            "proxy-addr": "~2.0.5",
            "qs": "6.7.0",
            "range-parser": "~1.2.1",
            "safe-buffer": "5.1.2",
            "send": "0.17.1",
            "serve-static": "1.14.1",
            "setprototypeof": "1.1.1",
            "statuses": "~1.5.0",
            "type-is": "~1.6.18",
            "utils-merge": "1.0.1",
            "vary": "~1.1.2"
          }
        },
        "finalhandler": {
          "version": "1.1.2",
          "resolved": "https://neo.jfrog.io/neo/api/npm/npm/finalhandler/-/finalhandler-1.1.2.tgz",
          "integrity": "sha1-t+fQAP/RGTjQ/bBTUG9uur6fWH0=",
          "requires": {
            "debug": "2.6.9",
            "encodeurl": "~1.0.2",
            "escape-html": "~1.0.3",
            "on-finished": "~2.3.0",
            "parseurl": "~1.3.3",
            "statuses": "~1.5.0",
            "unpipe": "~1.0.0"
          }
        },
        "http-errors": {
          "version": "1.7.2",
          "resolved": "https://neo.jfrog.io/neo/api/npm/npm/http-errors/-/http-errors-1.7.2.tgz",
          "integrity": "sha1-T1ApzxMjnzEDblsuVSkrz7zIXI8=",
          "requires": {
            "depd": "~1.1.2",
            "inherits": "2.0.3",
            "setprototypeof": "1.1.1",
            "statuses": ">= 1.5.0 < 2",
            "toidentifier": "1.0.0"
          }
        },
        "iconv-lite": {
          "version": "0.4.24",
          "resolved": "https://neo.jfrog.io/neo/api/npm/npm/iconv-lite/-/iconv-lite-0.4.24.tgz",
          "integrity": "sha1-ICK0sl+93CHS9SSXSkdKr+czkIs=",
          "requires": {
            "safer-buffer": ">= 2.1.2 < 3"
          }
        },
        "ipaddr.js": {
          "version": "1.9.1",
          "resolved": "https://neo.jfrog.io/neo/api/npm/npm/ipaddr.js/-/ipaddr.js-1.9.1.tgz",
          "integrity": "sha1-v/OFQ+64mEglB5/zoqjmy9RngbM="
        },
        "mime": {
          "version": "1.6.0",
          "resolved": "https://neo.jfrog.io/neo/api/npm/npm/mime/-/mime-1.6.0.tgz",
          "integrity": "sha1-Ms2eXGRVO9WNGaVor0Uqz/BJgbE="
        },
        "mime-db": {
          "version": "1.44.0",
          "resolved": "https://neo.jfrog.io/neo/api/npm/npm/mime-db/-/mime-db-1.44.0.tgz",
          "integrity": "sha1-+hHF6wrKEzS0Izy01S8QxaYnL5I="
        },
        "mime-types": {
          "version": "2.1.27",
          "resolved": "https://neo.jfrog.io/neo/api/npm/npm/mime-types/-/mime-types-2.1.27.tgz",
          "integrity": "sha1-R5SfmOJ56lMRn1ci4PNOUpvsAJ8=",
          "requires": {
            "mime-db": "1.44.0"
          }
        },
        "minimist": {
          "version": "1.2.5",
          "resolved": "https://neo.jfrog.io/neo/api/npm/npm/minimist/-/minimist-1.2.5.tgz",
          "integrity": "sha1-Z9ZgFLZqaoqqDAg8X9WN9OTpdgI="
        },
        "negotiator": {
          "version": "0.6.2",
          "resolved": "https://neo.jfrog.io/neo/api/npm/npm/negotiator/-/negotiator-0.6.2.tgz",
          "integrity": "sha1-/qz3zPUlp3rpY0Q2pkiD/+yjRvs="
        },
        "parseurl": {
          "version": "1.3.3",
          "resolved": "https://neo.jfrog.io/neo/api/npm/npm/parseurl/-/parseurl-1.3.3.tgz",
          "integrity": "sha1-naGee+6NEt/wUT7Vt2lXeTvC6NQ="
        },
        "proxy-addr": {
          "version": "2.0.6",
          "resolved": "https://neo.jfrog.io/neo/api/npm/npm/proxy-addr/-/proxy-addr-2.0.6.tgz",
          "integrity": "sha1-/cIzZQVEfT8vLGOO0nLK9hS7sr8=",
          "requires": {
            "forwarded": "~0.1.2",
            "ipaddr.js": "1.9.1"
          }
        },
        "qs": {
          "version": "6.7.0",
          "resolved": "https://neo.jfrog.io/neo/api/npm/npm/qs/-/qs-6.7.0.tgz",
          "integrity": "sha1-QdwaAV49WB8WIXdr4xr7KHapsbw="
        },
        "range-parser": {
          "version": "1.2.1",
          "resolved": "https://neo.jfrog.io/neo/api/npm/npm/range-parser/-/range-parser-1.2.1.tgz",
          "integrity": "sha1-PPNwI9GZ4cJNGlW4SADC8+ZGgDE="
        },
        "raw-body": {
          "version": "2.4.0",
          "resolved": "https://neo.jfrog.io/neo/api/npm/npm/raw-body/-/raw-body-2.4.0.tgz",
          "integrity": "sha1-oc5vucm8NWylLoklarWQWeE9AzI=",
          "requires": {
            "bytes": "3.1.0",
            "http-errors": "1.7.2",
            "iconv-lite": "0.4.24",
            "unpipe": "1.0.0"
          }
        },
        "send": {
          "version": "0.17.1",
          "resolved": "https://neo.jfrog.io/neo/api/npm/npm/send/-/send-0.17.1.tgz",
          "integrity": "sha1-wdiwWfeQD3Rm3Uk4vcROEd2zdsg=",
          "requires": {
            "debug": "2.6.9",
            "depd": "~1.1.2",
            "destroy": "~1.0.4",
            "encodeurl": "~1.0.2",
            "escape-html": "~1.0.3",
            "etag": "~1.8.1",
            "fresh": "0.5.2",
            "http-errors": "~1.7.2",
            "mime": "1.6.0",
            "ms": "2.1.1",
            "on-finished": "~2.3.0",
            "range-parser": "~1.2.1",
            "statuses": "~1.5.0"
          },
          "dependencies": {
            "ms": {
              "version": "2.1.1",
              "resolved": "https://neo.jfrog.io/neo/api/npm/npm/ms/-/ms-2.1.1.tgz",
              "integrity": "sha1-MKWGTrPrsKZvLr5tcnrwagnYbgo="
            }
          }
        },
        "serve-static": {
          "version": "1.14.1",
          "resolved": "https://neo.jfrog.io/neo/api/npm/npm/serve-static/-/serve-static-1.14.1.tgz",
          "integrity": "sha1-Zm5jbcTwEPfvKZcKiKZ0MgiYsvk=",
          "requires": {
            "encodeurl": "~1.0.2",
            "escape-html": "~1.0.3",
            "parseurl": "~1.3.3",
            "send": "0.17.1"
          }
        },
        "setprototypeof": {
          "version": "1.1.1",
          "resolved": "https://neo.jfrog.io/neo/api/npm/npm/setprototypeof/-/setprototypeof-1.1.1.tgz",
          "integrity": "sha1-fpWsskqpL1iF4KvvW6ExMw1K5oM="
        },
        "type-is": {
          "version": "1.6.18",
          "resolved": "https://neo.jfrog.io/neo/api/npm/npm/type-is/-/type-is-1.6.18.tgz",
          "integrity": "sha1-TlUs0F3wlGfcvE73Od6J8s83wTE=",
          "requires": {
            "media-typer": "0.3.0",
            "mime-types": "~2.1.24"
          }
        }
      }
    },
    "array-flatten": {
      "version": "1.1.1",
      "resolved": "https://registry.npmjs.org/array-flatten/-/array-flatten-1.1.1.tgz",
      "integrity": "sha1-ml9pkFGx5wczKPKgCJaLZOopVdI="
    },
    "bluebird": {
      "version": "3.7.2",
      "resolved": "https://neo.jfrog.io/neo/api/npm/npm/bluebird/-/bluebird-3.7.2.tgz",
      "integrity": "sha1-nyKcFb4nJFT/qXOs4NvueaGww28="
    },
    "content-type": {
      "version": "1.0.4",
      "resolved": "https://registry.npmjs.org/content-type/-/content-type-1.0.4.tgz",
      "integrity": "sha512-hIP3EEPs8tB9AT1L+NUqtwOAps4mk2Zob89MWXMHjHWg9milF/j4osnnQLXBCBFBk/tvIG/tUc9mOUJiPBhPXA=="
    },
    "cookie-signature": {
      "version": "1.0.6",
      "resolved": "https://registry.npmjs.org/cookie-signature/-/cookie-signature-1.0.6.tgz",
      "integrity": "sha1-4wOogrNCzD7oylE6eZmXNNqzriw="
    },
    "depd": {
      "version": "1.1.2",
      "resolved": "https://registry.npmjs.org/depd/-/depd-1.1.2.tgz",
      "integrity": "sha1-m81S4UwJd2PnSbJ0xDRu0uVgtak="
    },
    "destroy": {
      "version": "1.0.4",
      "resolved": "https://registry.npmjs.org/destroy/-/destroy-1.0.4.tgz",
      "integrity": "sha1-l4hXRCxEdJ5CBmE+N5RiBYJqvYA="
    },
    "ee-first": {
      "version": "1.1.1",
      "resolved": "https://registry.npmjs.org/ee-first/-/ee-first-1.1.1.tgz",
      "integrity": "sha1-WQxhFWsK4vTwJVcyoViyZrxWsh0="
    },
    "encodeurl": {
      "version": "1.0.2",
      "resolved": "https://registry.npmjs.org/encodeurl/-/encodeurl-1.0.2.tgz",
      "integrity": "sha1-rT/0yG7C0CkyL1oCw6mmBslbP1k="
    },
    "escape-html": {
      "version": "1.0.3",
      "resolved": "https://registry.npmjs.org/escape-html/-/escape-html-1.0.3.tgz",
      "integrity": "sha1-Aljq5NPQwJdN4cFpGI7wBR0dGYg="
    },
    "etag": {
      "version": "1.8.1",
      "resolved": "https://registry.npmjs.org/etag/-/etag-1.8.1.tgz",
      "integrity": "sha1-Qa4u62XvpiJorr/qg6x9eSmbCIc="
    },
    "flat": {
      "version": "5.0.0",
      "resolved": "https://neo.jfrog.io/neo/api/npm/npm/flat/-/flat-5.0.0.tgz",
      "integrity": "sha1-2rfXHWBBO+ywrC3pv0MESV469q8=",
      "requires": {
        "is-buffer": "~2.0.4"
      }
    },
    "forwarded": {
      "version": "0.1.2",
      "resolved": "https://registry.npmjs.org/forwarded/-/forwarded-0.1.2.tgz",
      "integrity": "sha1-mMI9qxF1ZXuMBXPozszZGw/xjIQ="
    },
    "fresh": {
      "version": "0.5.2",
      "resolved": "https://registry.npmjs.org/fresh/-/fresh-0.5.2.tgz",
      "integrity": "sha1-PYyt2Q2XZWn6g1qx+OSyOhBWBac="
    },
    "inherits": {
      "version": "2.0.3",
      "resolved": "https://registry.npmjs.org/inherits/-/inherits-2.0.3.tgz",
      "integrity": "sha1-Yzwsg+PaQqUC9SRmAiSA9CCCYd4="
    },
    "is-buffer": {
      "version": "2.0.4",
      "resolved": "https://neo.jfrog.io/neo/api/npm/npm/is-buffer/-/is-buffer-2.0.4.tgz",
      "integrity": "sha1-PlcvI8hBGlz9lVfISeNmXgspBiM="
    },
    "lodash": {
      "version": "4.17.15",
      "resolved": "https://neo.jfrog.io/neo/api/npm/npm/lodash/-/lodash-4.17.15.tgz",
      "integrity": "sha1-tEf2ZwoEVbv+7dETku/zMOoJdUg="
    },
    "media-typer": {
      "version": "0.3.0",
      "resolved": "https://registry.npmjs.org/media-typer/-/media-typer-0.3.0.tgz",
      "integrity": "sha1-hxDXrwqmJvj/+hzgAWhUUmMlV0g="
    },
    "merge-descriptors": {
      "version": "1.0.1",
      "resolved": "https://registry.npmjs.org/merge-descriptors/-/merge-descriptors-1.0.1.tgz",
      "integrity": "sha1-sAqqVW3YtEVoFQ7J0blT8/kMu2E="
    },
    "methods": {
      "version": "1.1.2",
      "resolved": "https://registry.npmjs.org/methods/-/methods-1.1.2.tgz",
      "integrity": "sha1-VSmk1nZUE07cxSZmVoNbD4Ua/O4="
    },
    "moment": {
      "version": "2.25.3",
      "resolved": "https://neo.jfrog.io/neo/api/npm/npm/moment/-/moment-2.25.3.tgz",
      "integrity": "sha1-JS/0ExnPQeR3YaGojKsw7f6YCMA="
    },
    "ms": {
      "version": "2.0.0",
      "resolved": "https://registry.npmjs.org/ms/-/ms-2.0.0.tgz",
      "integrity": "sha1-VgiurfwAvmwpAd9fmGF4jeDVl8g="
    },
    "neo4j-driver": {
      "version": "4.0.2",
      "resolved": "https://neo.jfrog.io/neo/api/npm/npm/neo4j-driver/-/neo4j-driver-4.0.2.tgz",
      "integrity": "sha1-eN47kekVcry9nS4CVUMi/hqzmeo=",
      "requires": {
        "@babel/runtime": "^7.5.5",
        "rxjs": "^6.5.2",
        "text-encoding-utf-8": "^1.0.2",
        "uri-js": "^4.2.2"
      }
    },
    "on-finished": {
      "version": "2.3.0",
      "resolved": "https://registry.npmjs.org/on-finished/-/on-finished-2.3.0.tgz",
      "integrity": "sha1-IPEzZIGwg811M3mSoWlxqi2QaUc=",
      "requires": {
        "ee-first": "1.1.1"
      }
    },
    "path-to-regexp": {
      "version": "0.1.7",
      "resolved": "https://registry.npmjs.org/path-to-regexp/-/path-to-regexp-0.1.7.tgz",
      "integrity": "sha1-32BBeABfUi8V60SQ5yR6G/qmf4w="
    },
    "regenerator-runtime": {
      "version": "0.13.5",
      "resolved": "https://neo.jfrog.io/neo/api/npm/npm/regenerator-runtime/-/regenerator-runtime-0.13.5.tgz",
      "integrity": "sha1-2Hih0JS0MG0QuQlkhLM+vVXiZpc="
    },
    "rxjs": {
      "version": "6.5.5",
      "resolved": "https://neo.jfrog.io/neo/api/npm/npm/rxjs/-/rxjs-6.5.5.tgz",
      "integrity": "sha1-xciE4wlMjP7jG/J+uH5UzPyH+ew=",
      "requires": {
        "tslib": "^1.9.0"
      }
    },
    "safe-buffer": {
      "version": "5.1.2",
      "resolved": "https://registry.npmjs.org/safe-buffer/-/safe-buffer-5.1.2.tgz",
      "integrity": "sha512-Gd2UZBJDkXlY7GbJxfsE8/nvKkUEU1G38c1siN6QP6a9PT9MmHB8GnpscSmMJSoF8LOIrt8ud/wPtojys4G6+g=="
    },
    "safer-buffer": {
      "version": "2.1.2",
      "resolved": "https://registry.npmjs.org/safer-buffer/-/safer-buffer-2.1.2.tgz",
      "integrity": "sha512-YZo3K82SD7Riyi0E1EQPojLz7kpepnSQI9IyPbHHg1XXXevb5dJI7tpyN2ADxGcQbHG7vcyRHk0cbwqcQriUtg=="
    },
    "statuses": {
      "version": "1.5.0",
      "resolved": "https://registry.npmjs.org/statuses/-/statuses-1.5.0.tgz",
      "integrity": "sha1-Fhx9rBd2Wf2YEfQ3cfqZOBR4Yow="
    },
    "text-encoding-utf-8": {
      "version": "1.0.2",
      "resolved": "https://neo.jfrog.io/neo/api/npm/npm/text-encoding-utf-8/-/text-encoding-utf-8-1.0.2.tgz",
      "integrity": "sha1-WFtiGXsK5Dfjx7XQryesECHhDRM="
    },
    "toidentifier": {
      "version": "1.0.0",
      "resolved": "https://neo.jfrog.io/neo/api/npm/npm/toidentifier/-/toidentifier-1.0.0.tgz",
      "integrity": "sha1-fhvjRw8ed5SLxD2Uo8j013UrpVM="
    },
    "tslib": {
      "version": "1.11.1",
      "resolved": "https://neo.jfrog.io/neo/api/npm/npm/tslib/-/tslib-1.11.1.tgz",
      "integrity": "sha1-6xXRKIJ/vuKEFUnhcfRe0zisfjU="
    },
    "unpipe": {
      "version": "1.0.0",
      "resolved": "https://registry.npmjs.org/unpipe/-/unpipe-1.0.0.tgz",
      "integrity": "sha1-sr9O6FFKrmFltIF4KdIbLvSZBOw="
    },
    "uri-js": {
      "version": "4.2.2",
      "resolved": "https://neo.jfrog.io/neo/api/npm/npm/uri-js/-/uri-js-4.2.2.tgz",
      "integrity": "sha1-lMVA4f93KVbiKZUHwBCupsiDjrA=",
      "requires": {
        "punycode": "^2.1.0"
      },
      "dependencies": {
        "punycode": {
          "version": "2.1.1",
          "resolved": "https://neo.jfrog.io/neo/api/npm/npm/punycode/-/punycode-2.1.1.tgz",
          "integrity": "sha1-tYsBCsQMIsVldhbI0sLALHv0eew="
        }
      }
    },
    "utils-merge": {
      "version": "1.0.1",
      "resolved": "https://registry.npmjs.org/utils-merge/-/utils-merge-1.0.1.tgz",
      "integrity": "sha1-n5VxD1CiZ5R7LMwSR0HBAoQn5xM="
    },
    "uuid": {
      "version": "3.4.0",
      "resolved": "https://neo.jfrog.io/neo/api/npm/npm/uuid/-/uuid-3.4.0.tgz",
      "integrity": "sha1-sj5DWK+oogL+ehAK8fX4g/AgB+4="
    },
    "vary": {
      "version": "1.1.2",
      "resolved": "https://registry.npmjs.org/vary/-/vary-1.1.2.tgz",
      "integrity": "sha1-IpnwLG3tMNSllhsLn3RSShj2NPw="
    }
  }
}
